PODS:
  - EddystoneScanner (1.1.5)

DEPENDENCIES:
  - EddystoneScanner

SPEC REPOS:
  https://github.com/cocoapods/specs.git:
    - EddystoneScanner

SPEC CHECKSUMS:
  EddystoneScanner: 771773cf97e37c3047e1f9e0b6c503640061f1b8

PODFILE CHECKSUM: d8f102212049976c568b51a8d8c166fa89eaef53

COCOAPODS: 1.5.3
